
Microsoft Visual Studio Solution File, Format Version 12.00
# Visual Studio Version 17
VisualStudioVersion = 17.4.33213.308
MinimumVisualStudioVersion = 10.0.40219.1
Project("{FAE04EC0-301F-11D3-BF4B-00C04F79EFBC}") = "curdopeartionmvc", "curdopeartionmvc\curdopeartionmvc.csproj", "{837D4004-8D87-448A-A36E-775E90A57D24}"
EndProject
Global
	GlobalSection(SolutionConfigurationPlatforms) = preSolution
		Debug|Any CPU = Debug|Any CPU
		Release|Any CPU = Release|Any CPU
	EndGlobalSection
	GlobalSection(ProjectConfigurationPlatforms) = postSolution
		{837D4004-8D87-448A-A36E-775E90A57D24}.Debug|Any CPU.ActiveCfg = Debug|Any CPU
		{837D4004-8D87-448A-A36E-775E90A57D24}.Debug|Any CPU.Build.0 = Debug|Any CPU
		{837D4004-8D87-448A-A36E-775E90A57D24}.Release|Any CPU.ActiveCfg = Release|Any CPU
		{837D4004-8D87-448A-A36E-775E90A57D24}.Release|Any CPU.Build.0 = Release|Any CPU
	EndGlobalSection
	GlobalSection(SolutionProperties) = preSolution
		HideSolutionNode = FALSE
	EndGlobalSection
	GlobalSection(ExtensibilityGlobals) = postSolution
		SolutionGuid = {224BC281-6195-4F31-A728-4BBB04044648}
	EndGlobalSection
EndGlobal
